Microsoft Visual Studio Solution File, Format Version 10.00
# Visual C++ Express 2008
Project("{8BC9CEB8-8B4A-11D0-8D11-00A0C91BC942}") = "SDL2-Static", "SDL_Static\SDL_VS2008.vcproj", "{81CE8DAF-EBB2-4761-8E45-B71ABCCA8C68}"
EndProject
Project("{8BC9CEB8-8B4A-11D0-8D11-00A0C91BC942}") = "SDL2main-Static", "SDLmain_Static\SDLmain_VS2008.vcproj", "{DA956FD3-E142-46F2-9DD5-C78BEBB56B7A}"
EndProject
Global
	GlobalSection(SolutionConfigurationPlatforms) = preSolution
		Debug|Win32 = Debug|Win32
		Debug|x64 = Debug|x64
		Release|Win32 = Release|Win32
		Release|x64 = Release|x64
	EndGlobalSection
	GlobalSection(ProjectConfigurationPlatforms) = postSolution
		{81CE8DAF-EBB2-4761-8E45-B71ABCCA8C68}.Debug|Win32.ActiveCfg = Debug|Win32
		{81CE8DAF-EBB2-4761-8E45-B71ABCCA8C68}.Debug|Win32.Build.0 = Debug|Win32
		{81CE8DAF-EBB2-4761-8E45-B71ABCCA8C68}.Debug|x64.ActiveCfg = Debug|x64
		{81CE8DAF-EBB2-4761-8E45-B71ABCCA8C68}.Debug|x64.Build.0 = Debug|x64
		{81CE8DAF-EBB2-4761-8E45-B71ABCCA8C68}.Release|Win32.ActiveCfg = Release|Win32
		{81CE8DAF-EBB2-4761-8E45-B71ABCCA8C68}.Release|Win32.Build.0 = Release|Win32
		{81CE8DAF-EBB2-4761-8E45-B71ABCCA8C68}.Release|x64.ActiveCfg = Release|x64
		{81CE8DAF-EBB2-4761-8E45-B71ABCCA8C68}.Release|x64.Build.0 = Release|x64
		{DA956FD3-E142-46F2-9DD5-C78BEBB56B7A}.Debug|Win32.ActiveCfg = Debug|Win32
		{DA956FD3-E142-46F2-9DD5-C78BEBB56B7A}.Debug|Win32.Build.0 = Debug|Win32
		{DA956FD3-E142-46F2-9DD5-C78BEBB56B7A}.Debug|x64.ActiveCfg = Debug|x64
		{DA956FD3-E142-46F2-9DD5-C78BEBB56B7A}.Debug|x64.Build.0 = Debug|x64
		{DA956FD3-E142-46F2-9DD5-C78BEBB56B7A}.Release|Win32.ActiveCfg = Release|Win32
		{DA956FD3-E142-46F2-9DD5-C78BEBB56B7A}.Release|Win32.Build.0 = Release|Win32
		{DA956FD3-E142-46F2-9DD5-C78BEBB56B7A}.Release|x64.ActiveCfg = Release|x64
		{DA956FD3-E142-46F2-9DD5-C78BEBB56B7A}.Release|x64.Build.0 = Release|x64
	EndGlobalSection
	GlobalSection(SolutionProperties) = preSolution
		HideSolutionNode = FALSE
	EndGlobalSection
	GlobalSection(NestedProjects) = preSolution
		{26828762-C95D-4637-9CB1-7F0979523813} = {CE748C1F-3C21-4825-AA6A-F895A023F7E7}
		{AAAD1CB5-7ADA-47AE-85A0-08A6EC48FAFB} = {CE748C1F-3C21-4825-AA6A-F895A023F7E7}
		{8682FE1E-0CF6-4EDD-9BB5-1733D8C8B4DF} = {CE748C1F-3C21-4825-AA6A-F895A023F7E7}
		{CAE4F1D0-314F-4B10-805B-0EFD670133A0} = {CE748C1F-3C21-4825-AA6A-F895A023F7E7}
		{8B5CFB38-CCBA-40A8-AD7A-89C57B070884} = {CE748C1F-3C21-4825-AA6A-F895A023F7E7}
		{26932B24-EFC6-4E3A-B277-ED653DA37968} = {CE748C1F-3C21-4825-AA6A-F895A023F7E7}
		{C4E04D18-EF76-4B42-B4C2-16A1BACDC0A3} = {CE748C1F-3C21-4825-AA6A-F895A023F7E7}
		{40FB7794-D3C3-4CFE-BCF4-A80C96635682} = {CE748C1F-3C21-4825-AA6A-F895A023F7E7}
		{31A3E4E1-AAE9-4EF3-9B23-18D0924BE4D2} = {CE748C1F-3C21-4825-AA6A-F895A023F7E7}
		{79CEE57E-1BC3-4FF6-90B3-9E39763CDAFF} = {CE748C1F-3C21-4825-AA6A-F895A023F7E7}
		{66B32F7E-5716-48D0-B5B9-D832FD052DD5} = {CE748C1F-3C21-4825-AA6A-F895A023F7E7}
		{5D0930C0-7C91-4ECE-9014-7B7DDE9502E6} = {CE748C1F-3C21-4825-AA6A-F895A023F7E7}
		{2D17C1EB-1157-460E-9A99-A82BFC1F9D1E} = {CE748C1F-3C21-4825-AA6A-F895A023F7E7}
		{9C7E8C03-3130-436D-A97E-E8F8ED1AC4EA} = {CE748C1F-3C21-4825-AA6A-F895A023F7E7}
	EndGlobalSection
EndGlobal
