
Microsoft Visual Studio Solution File, Format Version 10.00
# Visual C++ Express 2008
Project("{8BC9CEB8-8B4A-11D0-8D11-00A0C91BC942}") = "zlib", "zlib\zlib.vcproj", "{E1144796-E371-4607-942A-94506695882D}"
EndProject
Project("{8BC9CEB8-8B4A-11D0-8D11-00A0C91BC942}") = "libpng", "libpng\libpng.vcproj", "{6ADBEF0D-D0EE-4044-AB08-C6C96D72F512}"
	ProjectSection(ProjectDependencies) = postProject
		{2D825A3F-7F19-4BC9-A937-538F2AE0FB8F} = {2D825A3F-7F19-4BC9-A937-538F2AE0FB8F}
		{E1144796-E371-4607-942A-94506695882D} = {E1144796-E371-4607-942A-94506695882D}
	EndProjectSection
EndProject
Project("{8BC9CEB8-8B4A-11D0-8D11-00A0C91BC942}") = "pnglibconf", "pnglibconf\pnglibconf.vcproj", "{2D825A3F-7F19-4BC9-A937-538F2AE0FB8F}"
EndProject
Project("{8BC9CEB8-8B4A-11D0-8D11-00A0C91BC942}") = "pngtest", "pngtest\pngtest.vcproj", "{4020B2DD-3588-4C43-A8FC-E0D8DEE5B552}"
	ProjectSection(ProjectDependencies) = postProject
		{6ADBEF0D-D0EE-4044-AB08-C6C96D72F512} = {6ADBEF0D-D0EE-4044-AB08-C6C96D72F512}
	EndProjectSection
EndProject
Project("{8BC9CEB8-8B4A-11D0-8D11-00A0C91BC942}") = "pngstest", "pngstest\pngstest.vcproj", "{2B2E5C8F-D06E-4C21-9F18-5F30AB3D0FC9}"
EndProject
Project("{8BC9CEB8-8B4A-11D0-8D11-00A0C91BC942}") = "pngvalid", "pngvalid\pngvalid.vcproj", "{590738BD-9FAC-492C-BB00-29BE871B2F0B}"
	ProjectSection(ProjectDependencies) = postProject
		{6ADBEF0D-D0EE-4044-AB08-C6C96D72F512} = {6ADBEF0D-D0EE-4044-AB08-C6C96D72F512}
	EndProjectSection
EndProject
Project("{8BC9CEB8-8B4A-11D0-8D11-00A0C91BC942}") = "pngunknown", "pngunknown\pngunknown.vcproj", "{9A2C83A5-9501-4CF0-89B8-EB5974143BE7}"
	ProjectSection(ProjectDependencies) = postProject
		{6ADBEF0D-D0EE-4044-AB08-C6C96D72F512} = {6ADBEF0D-D0EE-4044-AB08-C6C96D72F512}
	EndProjectSection
EndProject
Global
	GlobalSection(SolutionConfigurationPlatforms) = preSolution
		Debug Library|Win32 = Debug Library|Win32
		Release Library|Win32 = Release Library|Win32
	EndGlobalSection
	GlobalSection(ProjectConfigurationPlatforms) = postSolution
		{E1144796-E371-4607-942A-94506695882D}.Debug Library|Win32.ActiveCfg = Debug Library|Win32
		{E1144796-E371-4607-942A-94506695882D}.Debug Library|Win32.Build.0 = Debug Library|Win32
		{E1144796-E371-4607-942A-94506695882D}.Release Library|Win32.ActiveCfg = Release Library|Win32
		{E1144796-E371-4607-942A-94506695882D}.Release Library|Win32.Build.0 = Release Library|Win32
		{6ADBEF0D-D0EE-4044-AB08-C6C96D72F512}.Debug Library|Win32.ActiveCfg = Debug Library|Win32
		{6ADBEF0D-D0EE-4044-AB08-C6C96D72F512}.Debug Library|Win32.Build.0 = Debug Library|Win32
		{6ADBEF0D-D0EE-4044-AB08-C6C96D72F512}.Release Library|Win32.ActiveCfg = Release Library|Win32
		{6ADBEF0D-D0EE-4044-AB08-C6C96D72F512}.Release Library|Win32.Build.0 = Release Library|Win32
		{2D825A3F-7F19-4BC9-A937-538F2AE0FB8F}.Debug Library|Win32.ActiveCfg = Debug Library|Win32
		{2D825A3F-7F19-4BC9-A937-538F2AE0FB8F}.Debug Library|Win32.Build.0 = Debug Library|Win32
		{2D825A3F-7F19-4BC9-A937-538F2AE0FB8F}.Release Library|Win32.ActiveCfg = Release Library|Win32
		{2D825A3F-7F19-4BC9-A937-538F2AE0FB8F}.Release Library|Win32.Build.0 = Release Library|Win32
		{4020B2DD-3588-4C43-A8FC-E0D8DEE5B552}.Debug Library|Win32.ActiveCfg = Debug Library|Win32
		{4020B2DD-3588-4C43-A8FC-E0D8DEE5B552}.Debug Library|Win32.Build.0 = Debug Library|Win32
		{4020B2DD-3588-4C43-A8FC-E0D8DEE5B552}.Release Library|Win32.ActiveCfg = Release Library|Win32
		{4020B2DD-3588-4C43-A8FC-E0D8DEE5B552}.Release Library|Win32.Build.0 = Release Library|Win32
		{2B2E5C8F-D06E-4C21-9F18-5F30AB3D0FC9}.Debug Library|Win32.ActiveCfg = Debug Library|Win32
		{2B2E5C8F-D06E-4C21-9F18-5F30AB3D0FC9}.Debug Library|Win32.Build.0 = Debug Library|Win32
		{2B2E5C8F-D06E-4C21-9F18-5F30AB3D0FC9}.Release Library|Win32.ActiveCfg = Release Library|Win32
		{2B2E5C8F-D06E-4C21-9F18-5F30AB3D0FC9}.Release Library|Win32.Build.0 = Release Library|Win32
		{590738BD-9FAC-492C-BB00-29BE871B2F0B}.Debug Library|Win32.ActiveCfg = Debug Library|Win32
		{590738BD-9FAC-492C-BB00-29BE871B2F0B}.Debug Library|Win32.Build.0 = Debug Library|Win32
		{590738BD-9FAC-492C-BB00-29BE871B2F0B}.Release Library|Win32.ActiveCfg = Debug Library|Win32
		{590738BD-9FAC-492C-BB00-29BE871B2F0B}.Release Library|Win32.Build.0 = Debug Library|Win32
		{9A2C83A5-9501-4CF0-89B8-EB5974143BE7}.Debug Library|Win32.ActiveCfg = Release Library|Win32
		{9A2C83A5-9501-4CF0-89B8-EB5974143BE7}.Debug Library|Win32.Build.0 = Release Library|Win32
		{9A2C83A5-9501-4CF0-89B8-EB5974143BE7}.Release Library|Win32.ActiveCfg = Debug Library|Win32
		{9A2C83A5-9501-4CF0-89B8-EB5974143BE7}.Release Library|Win32.Build.0 = Debug Library|Win32
	EndGlobalSection
	GlobalSection(SolutionProperties) = preSolution
		HideSolutionNode = FALSE
	EndGlobalSection
EndGlobal
